
Microsoft Visual Studio Solution File, Format Version 12.00
# Visual Studio Version 16
VisualStudioVersion = 16.0.30621.155
MinimumVisualStudioVersion = 10.0.40219.1
Project("{9A19103F-16F7-4668-BE54-9A1E7A4F7556}") = "CyoEncrypt", "CyoEncrypt\CyoEncrypt.csproj", "{D295F5C0-A93A-4A85-8431-BE24DFE2E2DA}"
EndProject
Project("{FAE04EC0-301F-11D3-BF4B-00C04F79EFBC}") = "UnitTests", "UnitTests\UnitTests.csproj", "{87CAE973-0496-4F0D-8B4F-21E33BC7BDE2}"
EndProject
Global
	GlobalSection(SolutionConfigurationPlatforms) = preSolution
		Debug|Any CPU = Debug|Any CPU
		Release|Any CPU = Release|Any CPU
	EndGlobalSection
	GlobalSection(ProjectConfigurationPlatforms) = postSolution
		{D295F5C0-A93A-4A85-8431-BE24DFE2E2DA}.Debug|Any CPU.ActiveCfg = Debug|Any CPU
		{D295F5C0-A93A-4A85-8431-BE24DFE2E2DA}.Debug|Any CPU.Build.0 = Debug|Any CPU
		{D295F5C0-A93A-4A85-8431-BE24DFE2E2DA}.Release|Any CPU.ActiveCfg = Release|Any CPU
		{D295F5C0-A93A-4A85-8431-BE24DFE2E2DA}.Release|Any CPU.Build.0 = Release|Any CPU
		{87CAE973-0496-4F0D-8B4F-21E33BC7BDE2}.Debug|Any CPU.ActiveCfg = Debug|Any CPU
		{87CAE973-0496-4F0D-8B4F-21E33BC7BDE2}.Debug|Any CPU.Build.0 = Debug|Any CPU
		{87CAE973-0496-4F0D-8B4F-21E33BC7BDE2}.Release|Any CPU.ActiveCfg = Release|Any CPU
		{87CAE973-0496-4F0D-8B4F-21E33BC7BDE2}.Release|Any CPU.Build.0 = Release|Any CPU
	EndGlobalSection
	GlobalSection(SolutionProperties) = preSolution
		HideSolutionNode = FALSE
	EndGlobalSection
	GlobalSection(ExtensibilityGlobals) = postSolution
		SolutionGuid = {FDC1F950-8CEF-4ACF-9362-9C647CB84366}
	EndGlobalSection
EndGlobal
